
Microsoft Visual Studio Solution File, Format Version 12.00
# Visual Studio Express 2013 for Windows Desktop
VisualStudioVersion = 12.0.21005.1
MinimumVisualStudioVersion = 10.0.40219.1
Project("{8BC9CEB8-8B4A-11D0-8D11-00A0C91BC942}") = "ctf", "ctf\ctf.vcxproj", "{4A18D2B6-C7B5-4DE7-ABAB-1CB9E7E3AD76}"
EndProject
Project("{8BC9CEB8-8B4A-11D0-8D11-00A0C91BC942}") = "game", "game\game.vcxproj", "{FF75C4BE-EEE0-44A3-A513-E17E9F6A07CD}"
EndProject
Project("{8BC9CEB8-8B4A-11D0-8D11-00A0C91BC942}") = "quake2", "quake2.vcxproj", "{5CE8497C-C6B0-43D0-82B2-E1D742B46D3F}"
EndProject
Project("{8BC9CEB8-8B4A-11D0-8D11-00A0C91BC942}") = "ref_gl", "ref_gl\ref_gl.vcxproj", "{640BB98C-B696-45A3-9F10-C4B666E09F38}"
EndProject
Project("{8BC9CEB8-8B4A-11D0-8D11-00A0C91BC942}") = "ref_soft", "ref_soft\ref_soft.vcxproj", "{E43D198B-337A-4DCE-BF16-C532E6CF4757}"
EndProject
Project("{8BC9CEB8-8B4A-11D0-8D11-00A0C91BC942}") = "rogue", "rsrc\rogue.vcxproj", "{EC2DFA79-90AF-42E1-A9FC-4C10696BD6AE}"
EndProject
Project("{8BC9CEB8-8B4A-11D0-8D11-00A0C91BC942}") = "xatrix", "xsrc\xatrix.vcxproj", "{C150A993-EABA-42B4-885A-B0F5211457E2}"
EndProject
Project("{8BC9CEB8-8B4A-11D0-8D11-00A0C91BC942}") = "ref_test", "ref_test\ref_test.vcxproj", "{C0D41CD9-CAED-41A7-BA36-E5B34683ECE4}"
EndProject
Global
	GlobalSection(SolutionConfigurationPlatforms) = preSolution
		Debug Alpha|Win32 = Debug Alpha|Win32
		Debug|Win32 = Debug|Win32
		Release Alpha|Win32 = Release Alpha|Win32
		Release|Win32 = Release|Win32
		Template|Win32 = Template|Win32
	EndGlobalSection
	GlobalSection(ProjectConfigurationPlatforms) = postSolution
		{4A18D2B6-C7B5-4DE7-ABAB-1CB9E7E3AD76}.Debug Alpha|Win32.ActiveCfg = Debug Alpha|Win32
		{4A18D2B6-C7B5-4DE7-ABAB-1CB9E7E3AD76}.Debug Alpha|Win32.Build.0 = Debug Alpha|Win32
		{4A18D2B6-C7B5-4DE7-ABAB-1CB9E7E3AD76}.Debug|Win32.ActiveCfg = Debug|Win32
		{4A18D2B6-C7B5-4DE7-ABAB-1CB9E7E3AD76}.Debug|Win32.Build.0 = Debug|Win32
		{4A18D2B6-C7B5-4DE7-ABAB-1CB9E7E3AD76}.Release Alpha|Win32.ActiveCfg = Release Alpha|Win32
		{4A18D2B6-C7B5-4DE7-ABAB-1CB9E7E3AD76}.Release Alpha|Win32.Build.0 = Release Alpha|Win32
		{4A18D2B6-C7B5-4DE7-ABAB-1CB9E7E3AD76}.Release|Win32.ActiveCfg = Release|Win32
		{4A18D2B6-C7B5-4DE7-ABAB-1CB9E7E3AD76}.Release|Win32.Build.0 = Release|Win32
		{4A18D2B6-C7B5-4DE7-ABAB-1CB9E7E3AD76}.Template|Win32.ActiveCfg = Release Alpha|Win32
		{4A18D2B6-C7B5-4DE7-ABAB-1CB9E7E3AD76}.Template|Win32.Build.0 = Release Alpha|Win32
		{FF75C4BE-EEE0-44A3-A513-E17E9F6A07CD}.Debug Alpha|Win32.ActiveCfg = Debug Alpha|Win32
		{FF75C4BE-EEE0-44A3-A513-E17E9F6A07CD}.Debug Alpha|Win32.Build.0 = Debug Alpha|Win32
		{FF75C4BE-EEE0-44A3-A513-E17E9F6A07CD}.Debug|Win32.ActiveCfg = Debug|Win32
		{FF75C4BE-EEE0-44A3-A513-E17E9F6A07CD}.Debug|Win32.Build.0 = Debug|Win32
		{FF75C4BE-EEE0-44A3-A513-E17E9F6A07CD}.Release Alpha|Win32.ActiveCfg = Release Alpha|Win32
		{FF75C4BE-EEE0-44A3-A513-E17E9F6A07CD}.Release Alpha|Win32.Build.0 = Release Alpha|Win32
		{FF75C4BE-EEE0-44A3-A513-E17E9F6A07CD}.Release|Win32.ActiveCfg = Release|Win32
		{FF75C4BE-EEE0-44A3-A513-E17E9F6A07CD}.Release|Win32.Build.0 = Release|Win32
		{FF75C4BE-EEE0-44A3-A513-E17E9F6A07CD}.Template|Win32.ActiveCfg = Template|Win32
		{FF75C4BE-EEE0-44A3-A513-E17E9F6A07CD}.Template|Win32.Build.0 = Template|Win32
		{5CE8497C-C6B0-43D0-82B2-E1D742B46D3F}.Debug Alpha|Win32.ActiveCfg = Debug Alpha|Win32
		{5CE8497C-C6B0-43D0-82B2-E1D742B46D3F}.Debug Alpha|Win32.Build.0 = Debug Alpha|Win32
		{5CE8497C-C6B0-43D0-82B2-E1D742B46D3F}.Debug|Win32.ActiveCfg = Debug|Win32
		{5CE8497C-C6B0-43D0-82B2-E1D742B46D3F}.Debug|Win32.Build.0 = Debug|Win32
		{5CE8497C-C6B0-43D0-82B2-E1D742B46D3F}.Release Alpha|Win32.ActiveCfg = Release Alpha|Win32
		{5CE8497C-C6B0-43D0-82B2-E1D742B46D3F}.Release Alpha|Win32.Build.0 = Release Alpha|Win32
		{5CE8497C-C6B0-43D0-82B2-E1D742B46D3F}.Release|Win32.ActiveCfg = Release|Win32
		{5CE8497C-C6B0-43D0-82B2-E1D742B46D3F}.Release|Win32.Build.0 = Release|Win32
		{5CE8497C-C6B0-43D0-82B2-E1D742B46D3F}.Template|Win32.ActiveCfg = Template|Win32
		{5CE8497C-C6B0-43D0-82B2-E1D742B46D3F}.Template|Win32.Build.0 = Template|Win32
		{640BB98C-B696-45A3-9F10-C4B666E09F38}.Debug Alpha|Win32.ActiveCfg = Debug Alpha|Win32
		{640BB98C-B696-45A3-9F10-C4B666E09F38}.Debug Alpha|Win32.Build.0 = Debug Alpha|Win32
		{640BB98C-B696-45A3-9F10-C4B666E09F38}.Debug|Win32.ActiveCfg = Debug|Win32
		{640BB98C-B696-45A3-9F10-C4B666E09F38}.Debug|Win32.Build.0 = Debug|Win32
		{640BB98C-B696-45A3-9F10-C4B666E09F38}.Release Alpha|Win32.ActiveCfg = Release Alpha|Win32
		{640BB98C-B696-45A3-9F10-C4B666E09F38}.Release Alpha|Win32.Build.0 = Release Alpha|Win32
		{640BB98C-B696-45A3-9F10-C4B666E09F38}.Release|Win32.ActiveCfg = Release|Win32
		{640BB98C-B696-45A3-9F10-C4B666E09F38}.Release|Win32.Build.0 = Release|Win32
		{640BB98C-B696-45A3-9F10-C4B666E09F38}.Template|Win32.ActiveCfg = Template|Win32
		{640BB98C-B696-45A3-9F10-C4B666E09F38}.Template|Win32.Build.0 = Template|Win32
		{E43D198B-337A-4DCE-BF16-C532E6CF4757}.Debug Alpha|Win32.ActiveCfg = Debug Alpha|Win32
		{E43D198B-337A-4DCE-BF16-C532E6CF4757}.Debug Alpha|Win32.Build.0 = Debug Alpha|Win32
		{E43D198B-337A-4DCE-BF16-C532E6CF4757}.Debug|Win32.ActiveCfg = Debug|Win32
		{E43D198B-337A-4DCE-BF16-C532E6CF4757}.Debug|Win32.Build.0 = Debug|Win32
		{E43D198B-337A-4DCE-BF16-C532E6CF4757}.Release Alpha|Win32.ActiveCfg = Release Alpha|Win32
		{E43D198B-337A-4DCE-BF16-C532E6CF4757}.Release Alpha|Win32.Build.0 = Release Alpha|Win32
		{E43D198B-337A-4DCE-BF16-C532E6CF4757}.Release|Win32.ActiveCfg = Release|Win32
		{E43D198B-337A-4DCE-BF16-C532E6CF4757}.Release|Win32.Build.0 = Release|Win32
		{E43D198B-337A-4DCE-BF16-C532E6CF4757}.Template|Win32.ActiveCfg = Template|Win32
		{E43D198B-337A-4DCE-BF16-C532E6CF4757}.Template|Win32.Build.0 = Template|Win32
		{EC2DFA79-90AF-42E1-A9FC-4C10696BD6AE}.Debug Alpha|Win32.ActiveCfg = Debug Alpha|Win32
		{EC2DFA79-90AF-42E1-A9FC-4C10696BD6AE}.Debug Alpha|Win32.Build.0 = Debug Alpha|Win32
		{EC2DFA79-90AF-42E1-A9FC-4C10696BD6AE}.Debug|Win32.ActiveCfg = Debug|Win32
		{EC2DFA79-90AF-42E1-A9FC-4C10696BD6AE}.Debug|Win32.Build.0 = Debug|Win32
		{EC2DFA79-90AF-42E1-A9FC-4C10696BD6AE}.Release Alpha|Win32.ActiveCfg = Release Alpha|Win32
		{EC2DFA79-90AF-42E1-A9FC-4C10696BD6AE}.Release Alpha|Win32.Build.0 = Release Alpha|Win32
		{EC2DFA79-90AF-42E1-A9FC-4C10696BD6AE}.Release|Win32.ActiveCfg = Release|Win32
		{EC2DFA79-90AF-42E1-A9FC-4C10696BD6AE}.Release|Win32.Build.0 = Release|Win32
		{EC2DFA79-90AF-42E1-A9FC-4C10696BD6AE}.Template|Win32.ActiveCfg = Template|Win32
		{EC2DFA79-90AF-42E1-A9FC-4C10696BD6AE}.Template|Win32.Build.0 = Template|Win32
		{C150A993-EABA-42B4-885A-B0F5211457E2}.Debug Alpha|Win32.ActiveCfg = Debug Alpha|Win32
		{C150A993-EABA-42B4-885A-B0F5211457E2}.Debug Alpha|Win32.Build.0 = Debug Alpha|Win32
		{C150A993-EABA-42B4-885A-B0F5211457E2}.Debug|Win32.ActiveCfg = Debug|Win32
		{C150A993-EABA-42B4-885A-B0F5211457E2}.Debug|Win32.Build.0 = Debug|Win32
		{C150A993-EABA-42B4-885A-B0F5211457E2}.Release Alpha|Win32.ActiveCfg = Release Alpha|Win32
		{C150A993-EABA-42B4-885A-B0F5211457E2}.Release Alpha|Win32.Build.0 = Release Alpha|Win32
		{C150A993-EABA-42B4-885A-B0F5211457E2}.Release|Win32.ActiveCfg = Release|Win32
		{C150A993-EABA-42B4-885A-B0F5211457E2}.Release|Win32.Build.0 = Release|Win32
		{C150A993-EABA-42B4-885A-B0F5211457E2}.Template|Win32.ActiveCfg = Template|Win32
		{C150A993-EABA-42B4-885A-B0F5211457E2}.Template|Win32.Build.0 = Template|Win32
		{C0D41CD9-CAED-41A7-BA36-E5B34683ECE4}.Debug Alpha|Win32.ActiveCfg = Debug Alpha|Win32
		{C0D41CD9-CAED-41A7-BA36-E5B34683ECE4}.Debug Alpha|Win32.Build.0 = Debug Alpha|Win32
		{C0D41CD9-CAED-41A7-BA36-E5B34683ECE4}.Debug|Win32.ActiveCfg = Debug|Win32
		{C0D41CD9-CAED-41A7-BA36-E5B34683ECE4}.Debug|Win32.Build.0 = Debug|Win32
		{C0D41CD9-CAED-41A7-BA36-E5B34683ECE4}.Release Alpha|Win32.ActiveCfg = Release Alpha|Win32
		{C0D41CD9-CAED-41A7-BA36-E5B34683ECE4}.Release Alpha|Win32.Build.0 = Release Alpha|Win32
		{C0D41CD9-CAED-41A7-BA36-E5B34683ECE4}.Release|Win32.ActiveCfg = Release|Win32
		{C0D41CD9-CAED-41A7-BA36-E5B34683ECE4}.Release|Win32.Build.0 = Release|Win32
		{C0D41CD9-CAED-41A7-BA36-E5B34683ECE4}.Template|Win32.ActiveCfg = Template|Win32
		{C0D41CD9-CAED-41A7-BA36-E5B34683ECE4}.Template|Win32.Build.0 = Template|Win32
	EndGlobalSection
	GlobalSection(SolutionProperties) = preSolution
		HideSolutionNode = FALSE
	EndGlobalSection
EndGlobal
